# THIS IS AN AUTOGENERATED FILE. DO NOT EDIT THIS FILE DIRECTLY.
# yarn lockfile v1


vue-class-component@6:
  version "6.2.0"
  resolved "https://registry.yarnpkg.com/vue-class-component/-/vue-class-component-6.2.0.tgz#7adb1daa9a868c75f30f97f33f4f1b94aee62089"

vue@2:
  version "2.5.14"
  resolved "https://registry.yarnpkg.com/vue/-/vue-2.5.14.tgz#74cb248a471053939abf6cdf2c406d4c311ab5a7"
