# THIS IS AN AUTOGENERATED FILE. DO NOT EDIT THIS FILE DIRECTLY.
# yarn lockfile v1


vue-class-component@7:
  version "7.0.1"
  resolved "https://registry.yarnpkg.com/vue-class-component/-/vue-class-component-7.0.1.tgz#7af2225c600667c7042b60712eefdf41dfc6de63"
  integrity sha512-YIihdl7YmceEOjSwcxLhCXCNA3TKC2FStuMcjtuzhUAgw5x5d1T5gZTmVQHGyOaQsaKffL4GlZzYN3dlMYl53w==

vue@2:
  version "2.6.7"
  resolved "https://registry.yarnpkg.com/vue/-/vue-2.6.7.tgz#254f188e7621d2d19ee28d0c0442c6d21b53ae2d"
  integrity sha512-g7ADfQ82QU+j6F/bVDioVQf2ccIMYLuR4E8ev+RsDBlmwRkhGO3HhgF4PF9vpwjdPpxyb1zzLur2nQ2oIMAMEg==
