# THIS IS AN AUTOGENERATED FILE. DO NOT EDIT THIS FILE DIRECTLY.
# yarn lockfile v1


vue-class-component@7:
  version "7.0.1"
  resolved "https://registry.yarnpkg.com/vue-class-component/-/vue-class-component-7.0.1.tgz#7af2225c600667c7042b60712eefdf41dfc6de63"
  integrity sha512-YIihdl7YmceEOjSwcxLhCXCNA3TKC2FStuMcjtuzhUAgw5x5d1T5gZTmVQHGyOaQsaKffL4GlZzYN3dlMYl53w==

vue@2:
  version "2.6.10"
  resolved "https://registry.yarnpkg.com/vue/-/vue-2.6.10.tgz#a72b1a42a4d82a721ea438d1b6bf55e66195c637"
  integrity sha512-ImThpeNU9HbdZL3utgMCq0oiMzAkt1mcgy3/E6zWC/G6AaQoeuFdsl9nDhTDU3X1R6FK7nsIUuRACVcjI+A2GQ==
