# THIS IS AN AUTOGENERATED FILE. DO NOT EDIT THIS FILE DIRECTLY.
# yarn lockfile v1


"@angular/common@7":
  version "7.1.4"
  resolved "https://registry.yarnpkg.com/@angular/common/-/common-7.1.4.tgz#a89f43e87317dee80b7664225442aaeca6c83547"
  integrity sha512-oQPCilcf1H/OXmt4z6PfGoCSb1YPRBAXGs/KRBARm3tYan2r5CmV0BFwpWXWQrEMt8YQqqLiBQUQ64d8+VFm8Q==
  dependencies:
    tslib "^1.9.0"

"@angular/core@7":
  version "7.1.4"
  resolved "https://registry.yarnpkg.com/@angular/core/-/core-7.1.4.tgz#ad899985290957bbb9ac5c47c62ae5a72ccf5d00"
  integrity sha512-36uWLrmmlzf8JKaq2A5F2tPQEHvFSsbTQWOT559Drp1tzM2uSA7PysNHv5TXUshDn5i54S2EQFm4bj2YPp4Hzg==
  dependencies:
    tslib "^1.9.0"

"@angular/forms@7":
  version "7.1.4"
  resolved "https://registry.yarnpkg.com/@angular/forms/-/forms-7.1.4.tgz#f3491264c27968d8da017fdc5b1178c46f4a4b83"
  integrity sha512-YB2lDRe7aMsaO5ZlbeFZGH+uTQOcpotFDKCmTckpefRJ7id6TlUSBYdYRH80qOQfPJGpsnqQvLZkL24UMasKtQ==
  dependencies:
    tslib "^1.9.0"

"@angular/platform-browser-dynamic@7.1.4":
  version "7.1.4"
  resolved "https://registry.yarnpkg.com/@angular/platform-browser-dynamic/-/platform-browser-dynamic-7.1.4.tgz#e76a5a267caf27d17bf46d16f009cd9c68a8dfd3"
  integrity sha512-LtFd6XIz98BKjxrCRbaz2y0XSmVQSTzrvpAyNzKnzHAMn+4XpIpnzyV3Y6DeHolIBwLjFHFzGKMBwOHOwME4RQ==
  dependencies:
    tslib "^1.9.0"

"@angular/platform-browser@7.1.4":
  version "7.1.4"
  resolved "https://registry.yarnpkg.com/@angular/platform-browser/-/platform-browser-7.1.4.tgz#1d6cbaedb565d8b92fb0e227b2f4a599dd5ec217"
  integrity sha512-lIFBKo6Uqty7qYDI9T8quFCUzUpGBgpzvDe14aAHFwZCft9rMS1J7PB1F26/dy2RBQE8tUyN2zp2xZQnYAhMcA==
  dependencies:
    tslib "^1.9.0"

core-js@2.6.1:
  version "2.6.1"
  resolved "https://registry.yarnpkg.com/core-js/-/core-js-2.6.1.tgz#87416ae817de957a3f249b3b5ca475d4aaed6042"
  integrity sha512-L72mmmEayPJBejKIWe2pYtGis5r0tQ5NaJekdhyXgeMQTpJoBsH0NL4ElY2LfSoV15xeQWKQ+XTTOZdyero5Xg==

rxjs@6.3.3:
  version "6.3.3"
  resolved "https://registry.yarnpkg.com/rxjs/-/rxjs-6.3.3.tgz#3c6a7fa420e844a81390fb1158a9ec614f4bad55"
  integrity sha512-JTWmoY9tWCs7zvIk/CvRjhjGaOd+OVBM987mxFo+OW66cGpdKjZcpmc74ES1sB//7Kl/PAe8+wEakuhG4pcgOw==
  dependencies:
    tslib "^1.9.0"

tslib@^1.9.0:
  version "1.9.3"
  resolved "https://registry.yarnpkg.com/tslib/-/tslib-1.9.3.tgz#d7e4dd79245d85428c4d7e4822a79917954ca286"
  integrity sha512-4krF8scpejhaOgqzBEcGM7yDIEfi0/8+8zDRZhNZZ2kjmHJ4hv3zCbQWxoJGz1iw5U0Jl0nma13xzHXcncMavQ==

zone.js@0.8.26:
  version "0.8.26"
  resolved "https://registry.yarnpkg.com/zone.js/-/zone.js-0.8.26.tgz#7bdd72f7668c5a7ad6b118148b4ea39c59d08d2d"
  integrity sha512-W9Nj+UmBJG251wkCacIkETgra4QgBo/vgoEkb4a2uoLzpQG7qF9nzwoLXWU5xj3Fg2mxGvEDh47mg24vXccYjA==
