# THIS IS AN AUTOGENERATED FILE. DO NOT EDIT THIS FILE DIRECTLY.
# yarn lockfile v1


"@angular/common@6":
  version "6.1.8"
  resolved "https://registry.yarnpkg.com/@angular/common/-/common-6.1.8.tgz#e9106cecd448f24e3a553a6ea9431e113fe3becd"
  dependencies:
    tslib "^1.9.0"

"@angular/core@6":
  version "6.1.8"
  resolved "https://registry.yarnpkg.com/@angular/core/-/core-6.1.8.tgz#2de584e184dc148a55ec153f8125acdf3e88eae6"
  dependencies:
    tslib "^1.9.0"

"@angular/forms@6":
  version "6.1.8"
  resolved "https://registry.yarnpkg.com/@angular/forms/-/forms-6.1.8.tgz#058429b99fc4c6554fe4943a23d4d6221cb1d9ac"
  dependencies:
    tslib "^1.9.0"

"@angular/platform-browser-dynamic@6.1.8":
  version "6.1.8"
  resolved "https://registry.yarnpkg.com/@angular/platform-browser-dynamic/-/platform-browser-dynamic-6.1.8.tgz#a0c523857e9e55343e6e1747052141d870d4e870"
  dependencies:
    tslib "^1.9.0"

"@angular/platform-browser@6.1.8":
  version "6.1.8"
  resolved "https://registry.yarnpkg.com/@angular/platform-browser/-/platform-browser-6.1.8.tgz#2a0340995ee4b67809f10e039a872afb7f228403"
  dependencies:
    tslib "^1.9.0"

core-js@2.5.7:
  version "2.5.7"
  resolved "https://registry.yarnpkg.com/core-js/-/core-js-2.5.7.tgz#f972608ff0cead68b841a16a932d0b183791814e"

rxjs@6.3.2:
  version "6.3.2"
  resolved "https://registry.yarnpkg.com/rxjs/-/rxjs-6.3.2.tgz#6a688b16c4e6e980e62ea805ec30648e1c60907f"
  dependencies:
    tslib "^1.9.0"

tslib@^1.9.0:
  version "1.9.3"
  resolved "https://registry.yarnpkg.com/tslib/-/tslib-1.9.3.tgz#d7e4dd79245d85428c4d7e4822a79917954ca286"

zone.js@0.8.26:
  version "0.8.26"
  resolved "https://registry.yarnpkg.com/zone.js/-/zone.js-0.8.26.tgz#7bdd72f7668c5a7ad6b118148b4ea39c59d08d2d"
