# THIS IS AN AUTOGENERATED FILE. DO NOT EDIT THIS FILE DIRECTLY.
# yarn lockfile v1


"@angular/common@7":
  version "7.2.4"
  resolved "https://registry.yarnpkg.com/@angular/common/-/common-7.2.4.tgz#9f1ed530e5dc7613a263e015c203ead390d50336"
  integrity sha512-3/i8RtnLTx/90gJHk5maE8zwsSiHgHvLItaa0qVfNlWiU0eCId/PL6TgDkut5vN9SQYL0oxhxFaVd35HmwsmuQ==
  dependencies:
    tslib "^1.9.0"

"@angular/core@7":
  version "7.2.4"
  resolved "https://registry.yarnpkg.com/@angular/core/-/core-7.2.4.tgz#a6c84940c8edcfa37158f666a1f99c6e4a97bf95"
  integrity sha512-kfAxhIxl89PmB7y81FR/RAv0yWRFcEYxEnTwV+o8jKGfemAXtQ0g/Vh+lJR0SD/TBgFilMxotN1mhwH4A8GShw==
  dependencies:
    tslib "^1.9.0"

"@angular/forms@7":
  version "7.2.4"
  resolved "https://registry.yarnpkg.com/@angular/forms/-/forms-7.2.4.tgz#be89cf83ad16fa3c813c12e4cff85da5409cf7a0"
  integrity sha512-DAtOrdlTRsgvmZrsvczCAkY8dhTwZb5DXBmPuSXh0UR9lvEiCgNHGbwEiIiIkAHpw1wSeXZrq0qyy/oJRvf18g==
  dependencies:
    tslib "^1.9.0"

"@angular/platform-browser-dynamic@7.2.4":
  version "7.2.4"
  resolved "https://registry.yarnpkg.com/@angular/platform-browser-dynamic/-/platform-browser-dynamic-7.2.4.tgz#24dce1bb0d9dab541b3b1b3eda3084a732f11b64"
  integrity sha512-J/xWlmaYOPUoCHZ5TiIRiyYa4uRMtCz3aGdBfY8k/NWtNo8SCYaS3aut7Sk4RS5rK8aAVi+aYFlY5YOrlW+Hbg==
  dependencies:
    tslib "^1.9.0"

"@angular/platform-browser@7.2.4":
  version "7.2.4"
  resolved "https://registry.yarnpkg.com/@angular/platform-browser/-/platform-browser-7.2.4.tgz#2cf5305878d0620d6b8c02eff00ac3ca8dbc5970"
  integrity sha512-Klt8aKR5SP9bqfMfpSY5vQOY7AQEs8JGuZOk5Bfc2dUtYT2IEIvK2IqO8v2rcFRVO13HOPUxl328efyHqLgI7g==
  dependencies:
    tslib "^1.9.0"

core-js@2.6.4:
  version "2.6.4"
  resolved "https://registry.yarnpkg.com/core-js/-/core-js-2.6.4.tgz#b8897c062c4d769dd30a0ac5c73976c47f92ea0d"
  integrity sha512-05qQ5hXShcqGkPZpXEFLIpxayZscVD2kuMBZewxiIPPEagukO4mqgPA9CWhUvFBJfy3ODdK2p9xyHh7FTU9/7A==

rxjs@6.4.0:
  version "6.4.0"
  resolved "https://registry.yarnpkg.com/rxjs/-/rxjs-6.4.0.tgz#f3bb0fe7bda7fb69deac0c16f17b50b0b8790504"
  integrity sha512-Z9Yfa11F6B9Sg/BK9MnqnQ+aQYicPLtilXBp2yUtDt2JRCE0h26d33EnfO3ZxoNxG0T92OUucP3Ct7cpfkdFfw==
  dependencies:
    tslib "^1.9.0"

tslib@^1.9.0:
  version "1.9.3"
  resolved "https://registry.yarnpkg.com/tslib/-/tslib-1.9.3.tgz#d7e4dd79245d85428c4d7e4822a79917954ca286"
  integrity sha512-4krF8scpejhaOgqzBEcGM7yDIEfi0/8+8zDRZhNZZ2kjmHJ4hv3zCbQWxoJGz1iw5U0Jl0nma13xzHXcncMavQ==

zone.js@0.8.29:
  version "0.8.29"
  resolved "https://registry.yarnpkg.com/zone.js/-/zone.js-0.8.29.tgz#8dce92aa0dd553b50bc5bfbb90af9986ad845a12"
  integrity sha512-mla2acNCMkWXBD+c+yeUrBUrzOxYMNFdQ6FGfigGGtEVBPJx07BQeJekjt9DmH1FtZek4E9rE1eRR9qQpxACOQ==
