# THIS IS AN AUTOGENERATED FILE. DO NOT EDIT THIS FILE DIRECTLY.
# yarn lockfile v1


"@types/node@*":
  version "10.12.24"
  resolved "https://registry.yarnpkg.com/@types/node/-/node-10.12.24.tgz#b13564af612a22a20b5d95ca40f1bffb3af315cf"
  integrity sha512-GWWbvt+z9G5otRBW8rssOFgRY87J9N/qbhqfjMZ+gUuL6zoL+Hm6gP/8qQBG4jjimqdaNLCehcVapZ/Fs2WjCQ==

tslib@1:
  version "1.9.3"
  resolved "https://registry.yarnpkg.com/tslib/-/tslib-1.9.3.tgz#d7e4dd79245d85428c4d7e4822a79917954ca286"
  integrity sha512-4krF8scpejhaOgqzBEcGM7yDIEfi0/8+8zDRZhNZZ2kjmHJ4hv3zCbQWxoJGz1iw5U0Jl0nma13xzHXcncMavQ==
