# THIS IS AN AUTOGENERATED FILE. DO NOT EDIT THIS FILE DIRECTLY.
# yarn lockfile v1


"@types/node@*":
  version "10.9.4"
  resolved "https://registry.yarnpkg.com/@types/node/-/node-10.9.4.tgz#0f4cb2dc7c1de6096055357f70179043c33e9897"

"@types/prop-types@*":
  version "15.5.5"
  resolved "https://registry.yarnpkg.com/@types/prop-types/-/prop-types-15.5.5.tgz#17038dd322c2325f5da650a94d5f9974943625e3"
  dependencies:
    "@types/react" "*"

"@types/react-dom@16.0.7":
  version "16.0.7"
  resolved "https://registry.yarnpkg.com/@types/react-dom/-/react-dom-16.0.7.tgz#54d0f867a76b90597e8432030d297982f25c20ba"
  dependencies:
    "@types/node" "*"
    "@types/react" "*"

"@types/react@*", "@types/react@16.4.13":
  version "16.4.13"
  resolved "https://registry.yarnpkg.com/@types/react/-/react-16.4.13.tgz#1385f5dc3486aa493849a32ccce626a817543e28"
  dependencies:
    "@types/prop-types" "*"
    csstype "^2.2.0"

csstype@^2.2.0:
  version "2.5.6"
  resolved "https://registry.yarnpkg.com/csstype/-/csstype-2.5.6.tgz#2ae1db2319642d8b80a668d2d025c6196071e788"

"js-tokens@^3.0.0 || ^4.0.0":
  version "4.0.0"
  resolved "https://registry.yarnpkg.com/js-tokens/-/js-tokens-4.0.0.tgz#19203fb59991df98e3a287050d4647cdeaf32499"

loose-envify@^1.1.0, loose-envify@^1.3.1:
  version "1.4.0"
  resolved "https://registry.yarnpkg.com/loose-envify/-/loose-envify-1.4.0.tgz#71ee51fa7be4caec1a63839f7e682d8132d30caf"
  dependencies:
    js-tokens "^3.0.0 || ^4.0.0"

object-assign@^4.1.1:
  version "4.1.1"
  resolved "https://registry.yarnpkg.com/object-assign/-/object-assign-4.1.1.tgz#2109adc7965887cfc05cbbd442cac8bfbb360863"

prop-types@^15.6.2:
  version "15.6.2"
  resolved "https://registry.yarnpkg.com/prop-types/-/prop-types-15.6.2.tgz#05d5ca77b4453e985d60fc7ff8c859094a497102"
  dependencies:
    loose-envify "^1.3.1"
    object-assign "^4.1.1"

react-dom@16:
  version "16.5.0"
  resolved "https://registry.yarnpkg.com/react-dom/-/react-dom-16.5.0.tgz#57704e5718669374b182a17ea79a6d24922cb27d"
  dependencies:
    loose-envify "^1.1.0"
    object-assign "^4.1.1"
    prop-types "^15.6.2"
    schedule "^0.3.0"

react@16:
  version "16.5.0"
  resolved "https://registry.yarnpkg.com/react/-/react-16.5.0.tgz#f2c1e754bf9751a549d9c6d9aca41905beb56575"
  dependencies:
    loose-envify "^1.1.0"
    object-assign "^4.1.1"
    prop-types "^15.6.2"
    schedule "^0.3.0"

schedule@^0.3.0:
  version "0.3.0"
  resolved "https://registry.yarnpkg.com/schedule/-/schedule-0.3.0.tgz#1be2ab2fc2e768536269ce7326efb478d6c045e8"
  dependencies:
    object-assign "^4.1.1"
