# THIS IS AN AUTOGENERATED FILE. DO NOT EDIT THIS FILE DIRECTLY.
# yarn lockfile v1


"@types/prop-types@*":
  version "15.5.8"
  resolved "https://registry.yarnpkg.com/@types/prop-types/-/prop-types-15.5.8.tgz#8ae4e0ea205fe95c3901a5a1df7f66495e3a56ce"
  integrity sha512-3AQoUxQcQtLHsK25wtTWIoIpgYjH3vSDroZOUr7PpCHw/jLY1RB9z9E8dBT/OSmwStVgkRNvdh+ZHNiomRieaw==

"@types/react-dom@16.8.0":
  version "16.8.0"
  resolved "https://registry.yarnpkg.com/@types/react-dom/-/react-dom-16.8.0.tgz#c565f43f9d2ec911f9e0b8f3b74e25e67879aa3f"
  integrity sha512-Jp4ufcEEjVJEB0OHq2MCZcE1u3KYUKO6WnSuiU/tZeYeiZxUoQavfa/TZeiIT+1XoN6l0lQVNM30VINZFDeolQ==
  dependencies:
    "@types/react" "*"

"@types/react@*", "@types/react@16.8.2":
  version "16.8.2"
  resolved "https://registry.yarnpkg.com/@types/react/-/react-16.8.2.tgz#3b7a7f7ea89d1c7d68b00849fb5de839011c077b"
  integrity sha512-6mcKsqlqkN9xADrwiUz2gm9Wg4iGnlVGciwBRYFQSMWG6MQjhOZ/AVnxn+6v8nslFgfYTV8fNdE6XwKu6va5PA==
  dependencies:
    "@types/prop-types" "*"
    csstype "^2.2.0"

csstype@^2.2.0:
  version "2.6.2"
  resolved "https://registry.yarnpkg.com/csstype/-/csstype-2.6.2.tgz#3043d5e065454579afc7478a18de41909c8a2f01"
  integrity sha512-Rl7PvTae0pflc1YtxtKbiSqq20Ts6vpIYOD5WBafl4y123DyHUeLrRdQP66sQW8/6gmX8jrYJLXwNeMqYVJcow==

"js-tokens@^3.0.0 || ^4.0.0":
  version "4.0.0"
  resolved "https://registry.yarnpkg.com/js-tokens/-/js-tokens-4.0.0.tgz#19203fb59991df98e3a287050d4647cdeaf32499"
  integrity sha512-RdJUflcE3cUzKiMqQgsCu06FPu9UdIJO0beYbPhHN4k6apgJtifcoCtT9bcxOpYBtpD2kCM6Sbzg4CausW/PKQ==

loose-envify@^1.1.0, loose-envify@^1.3.1:
  version "1.4.0"
  resolved "https://registry.yarnpkg.com/loose-envify/-/loose-envify-1.4.0.tgz#71ee51fa7be4caec1a63839f7e682d8132d30caf"
  integrity sha512-lyuxPGr/Wfhrlem2CL/UcnUc1zcqKAImBDzukY7Y5F/yQiNdko6+fRLevlw1HgMySw7f611UIY408EtxRSoK3Q==
  dependencies:
    js-tokens "^3.0.0 || ^4.0.0"

object-assign@^4.1.1:
  version "4.1.1"
  resolved "https://registry.yarnpkg.com/object-assign/-/object-assign-4.1.1.tgz#2109adc7965887cfc05cbbd442cac8bfbb360863"
  integrity sha1-IQmtx5ZYh8/AXLvUQsrIv7s2CGM=

prop-types@^15.6.2:
  version "15.6.2"
  resolved "https://registry.yarnpkg.com/prop-types/-/prop-types-15.6.2.tgz#05d5ca77b4453e985d60fc7ff8c859094a497102"
  integrity sha512-3pboPvLiWD7dkI3qf3KbUe6hKFKa52w+AE0VCqECtf+QHAKgOL37tTaNCnuX1nAAQ4ZhyP+kYVKf8rLmJ/feDQ==
  dependencies:
    loose-envify "^1.3.1"
    object-assign "^4.1.1"

react-dom@16:
  version "16.8.1"
  resolved "https://registry.yarnpkg.com/react-dom/-/react-dom-16.8.1.tgz#ec860f98853d09d39bafd3a6f1e12389d283dbb4"
  integrity sha512-N74IZUrPt6UiDjXaO7UbDDFXeUXnVhZzeRLy/6iqqN1ipfjrhR60Bp5NuBK+rv3GMdqdIuwIl22u1SYwf330bg==
  dependencies:
    loose-envify "^1.1.0"
    object-assign "^4.1.1"
    prop-types "^15.6.2"
    scheduler "^0.13.1"

react@16:
  version "16.8.1"
  resolved "https://registry.yarnpkg.com/react/-/react-16.8.1.tgz#ae11831f6cb2a05d58603a976afc8a558e852c4a"
  integrity sha512-wLw5CFGPdo7p/AgteFz7GblI2JPOos0+biSoxf1FPsGxWQZdN/pj6oToJs1crn61DL3Ln7mN86uZ4j74p31ELQ==
  dependencies:
    loose-envify "^1.1.0"
    object-assign "^4.1.1"
    prop-types "^15.6.2"
    scheduler "^0.13.1"

scheduler@^0.13.1:
  version "0.13.1"
  resolved "https://registry.yarnpkg.com/scheduler/-/scheduler-0.13.1.tgz#1a217df1bfaabaf4f1b92a9127d5d732d85a9591"
  integrity sha512-VJKOkiKIN2/6NOoexuypwSrybx13MY7NSy9RNt8wPvZDMRT1CW6qlpF5jXRToXNHz3uWzbm2elNpZfXfGPqP9A==
  dependencies:
    loose-envify "^1.1.0"
    object-assign "^4.1.1"
